// !$*UTF8*$!
{
	archiveVersion = 1;
	classes = {
	};
	objectVersion = 56;
	objects = {

/* Begin PBXBuildFile section */
		20B1DFA62AE5462A003DBB36 /* AppDelegate.swift in Sources */ = {isa = PBXBuildFile; fileRef = 20B1DFA52AE5462A003DBB36 /* AppDelegate.swift */; };
		20B1DFA82AE5462A003DBB36 /* SceneDelegate.swift in Sources */ = {isa = PBXBuildFile; fileRef = 20B1DFA72AE5462A003DBB36 /* SceneDelegate.swift */; };
		20B1DFAA2AE5462A003DBB36 /* ViewController.swift in Sources */ = {isa = PBXBuildFile; fileRef = 20B1DFA92AE5462A003DBB36 /* ViewController.swift */; };
		20B1DFAF2AE5462B003DBB36 /* Assets.xcassets in Resources */ = {isa = PBXBuildFile; fileRef = 20B1DFAE2AE5462B003DBB36 /* Assets.xcassets */; };
		20B1DFB22AE5462B003DBB36 /* LaunchScreen.storyboard in Resources */ = {isa = PBXBuildFile; fileRef = 20B1DFB02AE5462B003DBB36 /* LaunchScreen.storyboard */; };
		20B1DFC12AE5495D003DBB36 /* DeclarativeUI in Resources */ = {isa = PBXBuildFile; fileRef = 20B1DFC02AE5495D003DBB36 /* DeclarativeUI */; };
		20B1DFC62AE54983003DBB36 /* DeclarativeUI in Frameworks */ = {isa = PBXBuildFile; productRef = 20B1DFC52AE54983003DBB36 /* DeclarativeUI */; };
/* End PBXBuildFile section */

/* Begin PBXFileReference section */
		20B1DFA22AE5462A003DBB36 /* ExampleDeclarativeUI.app */ = {isa = PBXFileReference; explicitFileType = wrapper.application; includeInIndex = 0; path = ExampleDeclarativeUI.app; sourceTree = BUILT_PRODUCTS_DIR; };
		20B1DFA52AE5462A003DBB36 /* AppDelegate.swift */ = {isa = PBXFileReference; lastKnownFileType = sourcecode.swift; path = AppDelegate.swift; sourceTree = "<group>"; };
		20B1DFA72AE5462A003DBB36 /* SceneDelegate.swift */ = {isa = PBXFileReference; lastKnownFileType = sourcecode.swift; path = SceneDelegate.swift; sourceTree = "<group>"; };
		20B1DFA92AE5462A003DBB36 /* ViewController.swift */ = {isa = PBXFileReference; lastKnownFileType = sourcecode.swift; path = ViewController.swift; sourceTree = "<group>"; };
		20B1DFAE2AE5462B003DBB36 /* Assets.xcassets */ = {isa = PBXFileReference; lastKnownFileType = folder.assetcatalog; path = Assets.xcassets; sourceTree = "<group>"; };
		20B1DFB12AE5462B003DBB36 /* Base */ = {isa = PBXFileReference; lastKnownFileType = file.storyboard; name = Base; path = Base.lproj/LaunchScreen.storyboard; sourceTree = "<group>"; };
		20B1DFB32AE5462B003DBB36 /* Info.plist */ = {isa = PBXFileReference; lastKnownFileType = text.plist.xml; path = Info.plist; sourceTree = "<group>"; };
		20B1DFC02AE5495D003DBB36 /* DeclarativeUI */ = {isa = PBXFileReference; lastKnownFileType = wrapper; name = DeclarativeUI; path = ../..; sourceTree = "<group>"; };
/* End PBXFileReference section */

/* Begin PBXFrameworksBuildPhase section */
		20B1DF9F2AE5462A003DBB36 /* Frameworks */ = {
			isa = PBXFrameworksBuildPhase;
			buildActionMask = 2147483647;
			files = (
				20B1DFC62AE54983003DBB36 /* DeclarativeUI in Frameworks */,
			);
			runOnlyForDeploymentPostprocessing = 0;
		};
/* End PBXFrameworksBuildPhase section */

/* Begin PBXGroup section */
		20B1DF992AE5462A003DBB36 = {
			isa = PBXGroup;
			children = (
				20B1DFA42AE5462A003DBB36 /* ExampleDeclarativeUI */,
				20B1DFA32AE5462A003DBB36 /* Products */,
				20B1DFC42AE54983003DBB36 /* Frameworks */,
				20B1DFC02AE5495D003DBB36 /* DeclarativeUI */,
			);
			sourceTree = "<group>";
		};
		20B1DFA32AE5462A003DBB36 /* Products */ = {
			isa = PBXGroup;
			children = (
				20B1DFA22AE5462A003DBB36 /* ExampleDeclarativeUI.app */,
			);
			name = Products;
			sourceTree = "<group>";
		};
		20B1DFA42AE5462A003DBB36 /* ExampleDeclarativeUI */ = {
			isa = PBXGroup;
			children = (
				20B1DFB92AE546DF003DBB36 /* Resources */,
				20B1DFA52AE5462A003DBB36 /* AppDelegate.swift */,
				20B1DFA72AE5462A003DBB36 /* SceneDelegate.swift */,
				20B1DFA92AE5462A003DBB36 /* ViewController.swift */,
			);
			path = ExampleDeclarativeUI;
			sourceTree = "<group>";
		};
		20B1DFB92AE546DF003DBB36 /* Resources */ = {
			isa = PBXGroup;
			children = (
				20B1DFAE2AE5462B003DBB36 /* Assets.xcassets */,
				20B1DFB02AE5462B003DBB36 /* LaunchScreen.storyboard */,
				20B1DFB32AE5462B003DBB36 /* Info.plist */,
			);
			path = Resources;
			sourceTree = "<group>";
		};
		20B1DFC42AE54983003DBB36 /* Frameworks */ = {
			isa = PBXGroup;
			children = (
			);
			name = Frameworks;
			sourceTree = "<group>";
		};
/* End PBXGroup section */

/* Begin PBXNativeTarget section */
		20B1DFA12AE5462A003DBB36 /* ExampleDeclarativeUI */ = {
			isa = PBXNativeTarget;
			buildConfigurationList = 20B1DFB62AE5462B003DBB36 /* Build configuration list for PBXNativeTarget "ExampleDeclarativeUI" */;
			buildPhases = (
				20B1DF9E2AE5462A003DBB36 /* Sources */,
				20B1DF9F2AE5462A003DBB36 /* Frameworks */,
				20B1DFA02AE5462A003DBB36 /* Resources */,
			);
			buildRules = (
			);
			dependencies = (
				20B1DFC32AE5497F003DBB36 /* PBXTargetDependency */,
			);
			name = ExampleDeclarativeUI;
			packageProductDependencies = (
				20B1DFC52AE54983003DBB36 /* DeclarativeUI */,
			);
			productName = ExampleDeclarativeUI;
			productReference = 20B1DFA22AE5462A003DBB36 /* ExampleDeclarativeUI.app */;
			productType = "com.apple.product-type.application";
		};
/* End PBXNativeTarget section */

/* Begin PBXProject section */
		20B1DF9A2AE5462A003DBB36 /* Project object */ = {
			isa = PBXProject;
			attributes = {
				BuildIndependentTargetsInParallel = 1;
				LastSwiftUpdateCheck = 1500;
				LastUpgradeCheck = 1500;
				TargetAttributes = {
					20B1DFA12AE5462A003DBB36 = {
						CreatedOnToolsVersion = 15.0;
					};
				};
			};
			buildConfigurationList = 20B1DF9D2AE5462A003DBB36 /* Build configuration list for PBXProject "ExampleDeclarativeUI" */;
			compatibilityVersion = "Xcode 14.0";
			developmentRegion = en;
			hasScannedForEncodings = 0;
			knownRegions = (
				en,
				Base,
			);
			mainGroup = 20B1DF992AE5462A003DBB36;
			packageReferences = (
			);
			productRefGroup = 20B1DFA32AE5462A003DBB36 /* Products */;
			projectDirPath = "";
			projectRoot = "";
			targets = (
				20B1DFA12AE5462A003DBB36 /* ExampleDeclarativeUI */,
			);
		};
/* End PBXProject section */

/* Begin PBXResourcesBuildPhase section */
		20B1DFA02AE5462A003DBB36 /* Resources */ = {
			isa = PBXResourcesBuildPhase;
			buildActionMask = 2147483647;
			files = (
				20B1DFC12AE5495D003DBB36 /* DeclarativeUI in Resources */,
				20B1DFB22AE5462B003DBB36 /* LaunchScreen.storyboard in Resources */,
				20B1DFAF2AE5462B003DBB36 /* Assets.xcassets in Resources */,
			);
			runOnlyForDeploymentPostprocessing = 0;
		};
/* End PBXResourcesBuildPhase section */

/* Begin PBXSourcesBuildPhase section */
		20B1DF9E2AE5462A003DBB36 /* Sources */ = {
			isa = PBXSourcesBuildPhase;
			buildActionMask = 2147483647;
			files = (
				20B1DFAA2AE5462A003DBB36 /* ViewController.swift in Sources */,
				20B1DFA62AE5462A003DBB36 /* AppDelegate.swift in Sources */,
				20B1DFA82AE5462A003DBB36 /* SceneDelegate.swift in Sources */,
			);
			runOnlyForDeploymentPostprocessing = 0;
		};
/* End PBXSourcesBuildPhase section */

/* Begin PBXTargetDependency section */
		20B1DFC32AE5497F003DBB36 /* PBXTargetDependency */ = {
			isa = PBXTargetDependency;
			productRef = 20B1DFC22AE5497F003DBB36 /* DeclarativeUI */;
		};
/* End PBXTargetDependency section */

/* Begin PBXVariantGroup section */
		20B1DFB02AE5462B003DBB36 /* LaunchScreen.storyboard */ = {
			isa = PBXVariantGroup;
			children = (
				20B1DFB12AE5462B003DBB36 /* Base */,
			);
			name = LaunchScreen.storyboard;
			sourceTree = "<group>";
		};
/* End PBXVariantGroup section */

/* Begin XCBuildConfiguration section */
		20B1DFB42AE5462B003DBB36 /* Debug */ = {
			isa = XCBuildConfiguration;
			buildSettings = {
				ALWAYS_SEARCH_USER_PATHS = NO;
				ASSETCATALOG_COMPILER_GENERATE_SWIFT_ASSET_SYMBOL_EXTENSIONS = YES;
				CLANG_ANALYZER_NONNULL = YES;
				CLANG_ANALYZER_NUMBER_OBJECT_CONVERSION = YES_AGGRESSIVE;
				CLANG_CXX_LANGUAGE_STANDARD = "gnu++20";
				CLANG_ENABLE_MODULES = YES;
				CLANG_ENABLE_OBJC_ARC = YES;
				CLANG_ENABLE_OBJC_WEAK = YES;
				CLANG_WARN_BLOCK_CAPTURE_AUTORELEASING = YES;
				CLANG_WARN_BOOL_CONVERSION = YES;
				CLANG_WARN_COMMA = YES;
				CLANG_WARN_CONSTANT_CONVERSION = YES;
				CLANG_WARN_DEPRECATED_OBJC_IMPLEMENTATIONS = YES;
				CLANG_WARN_DIRECT_OBJC_ISA_USAGE = YES_ERROR;
				CLANG_WARN_DOCUMENTATION_COMMENTS = YES;
				CLANG_WARN_EMPTY_BODY = YES;
				CLANG_WARN_ENUM_CONVERSION = YES;
				CLANG_WARN_INFINITE_RECURSION = YES;
				CLANG_WARN_INT_CONVERSION = YES;
				CLANG_WARN_NON_LITERAL_NULL_CONVERSION = YES;
				CLANG_WARN_OBJC_IMPLICIT_RETAIN_SELF = YES;
				CLANG_WARN_OBJC_LITERAL_CONVERSION = YES;
				CLANG_WARN_OBJC_ROOT_CLASS = YES_ERROR;
				CLANG_WARN_QUOTED_INCLUDE_IN_FRAMEWORK_HEADER = YES;
				CLANG_WARN_RANGE_LOOP_ANALYSIS = YES;
				CLANG_WARN_STRICT_PROTOTYPES = YES;
				CLANG_WARN_SUSPICIOUS_MOVE = YES;
				CLANG_WARN_UNGUARDED_AVAILABILITY = YES_AGGRESSIVE;
				CLANG_WARN_UNREACHABLE_CODE = YES;
				CLANG_WARN__DUPLICATE_METHOD_MATCH = YES;
				COPY_PHASE_STRIP = NO;
				DEBUG_INFORMATION_FORMAT = dwarf;
				ENABLE_STRICT_OBJC_MSGSEND = YES;
				ENABLE_TESTABILITY = YES;
				ENABLE_USER_SCRIPT_SANDBOXING = YES;
				GCC_C_LANGUAGE_STANDARD = gnu17;
				GCC_DYNAMIC_NO_PIC = NO;
				GCC_NO_COMMON_BLOCKS = YES;
				GCC_OPTIMIZATION_LEVEL = 0;
				GCC_PREPROCESSOR_DEFINITIONS = (
					"DEBUG=1",
					"$(inherited)",
				);
				GCC_WARN_64_TO_32_BIT_CONVERSION = YES;
				GCC_WARN_ABOUT_RETURN_TYPE = YES_ERROR;
				GCC_WARN_UNDECLARED_SELECTOR = YES;
				GCC_WARN_UNINITIALIZED_AUTOS = YES_AGGRESSIVE;
				GCC_WARN_UNUSED_FUNCTION = YES;
				GCC_WARN_UNUSED_VARIABLE = YES;
				IPHONEOS_DEPLOYMENT_TARGET = 15.0;
				LOCALIZATION_PREFERS_STRING_CATALOGS = YES;
				MTL_ENABLE_DEBUG_INFO = INCLUDE_SOURCE;
				MTL_FAST_MATH = YES;
				ONLY_ACTIVE_ARCH = YES;
				SDKROOT = iphoneos;
				SWIFT_ACTIVE_COMPILATION_CONDITIONS = "DEBUG $(inherited)";
				SWIFT_OPTIMIZATION_LEVEL = "-Onone";
			};
			name = Debug;
		};
		20B1DFB52AE5462B003DBB36 /* Release */ = {
			isa = XCBuildConfiguration;
			buildSettings = {
				ALWAYS_SEARCH_USER_PATHS = NO;
				ASSETCATALOG_COMPILER_GENERATE_SWIFT_ASSET_SYMBOL_EXTENSIONS = YES;
				CLANG_ANALYZER_NONNULL = YES;
				CLANG_ANALYZER_NUMBER_OBJECT_CONVERSION = YES_AGGRESSIVE;
				CLANG_CXX_LANGUAGE_STANDARD = "gnu++20";
				CLANG_ENABLE_MODULES = YES;
				CLANG_ENABLE_OBJC_ARC = YES;
				CLANG_ENABLE_OBJC_WEAK = YES;
				CLANG_WARN_BLOCK_CAPTURE_AUTORELEASING = YES;
				CLANG_WARN_BOOL_CONVERSION = YES;
				CLANG_WARN_COMMA = YES;
				CLANG_WARN_CONSTANT_CONVERSION = YES;
				CLANG_WARN_DEPRECATED_OBJC_IMPLEMENTATIONS = YES;
				CLANG_WARN_DIRECT_OBJC_ISA_USAGE = YES_ERROR;
				CLANG_WARN_DOCUMENTATION_COMMENTS = YES;
				CLANG_WARN_EMPTY_BODY = YES;
				CLANG_WARN_ENUM_CONVERSION = YES;
				CLANG_WARN_INFINITE_RECURSION = YES;
				CLANG_WARN_INT_CONVERSION = YES;
				CLANG_WARN_NON_LITERAL_NULL_CONVERSION = YES;
				CLANG_WARN_OBJC_IMPLICIT_RETAIN_SELF = YES;
				CLANG_WARN_OBJC_LITERAL_CONVERSION = YES;
				CLANG_WARN_OBJC_ROOT_CLASS = YES_ERROR;
				CLANG_WARN_QUOTED_INCLUDE_IN_FRAMEWORK_HEADER = YES;
				CLANG_WARN_RANGE_LOOP_ANALYSIS = YES;
				CLANG_WARN_STRICT_PROTOTYPES = YES;
				CLANG_WARN_SUSPICIOUS_MOVE = YES;
				CLANG_WARN_UNGUARDED_AVAILABILITY = YES_AGGRESSIVE;
				CLANG_WARN_UNREACHABLE_CODE = YES;
				CLANG_WARN__DUPLICATE_METHOD_MATCH = YES;
				COPY_PHASE_STRIP = NO;
				DEBUG_INFORMATION_FORMAT = "dwarf-with-dsym";
				ENABLE_NS_ASSERTIONS = NO;
				ENABLE_STRICT_OBJC_MSGSEND = YES;
				ENABLE_USER_SCRIPT_SANDBOXING = YES;
				GCC_C_LANGUAGE_STANDARD = gnu17;
				GCC_NO_COMMON_BLOCKS = YES;
				GCC_WARN_64_TO_32_BIT_CONVERSION = YES;
				GCC_WARN_ABOUT_RETURN_TYPE = YES_ERROR;
				GCC_WARN_UNDECLARED_SELECTOR = YES;
				GCC_WARN_UNINITIALIZED_AUTOS = YES_AGGRESSIVE;
				GCC_WARN_UNUSED_FUNCTION = YES;
				GCC_WARN_UNUSED_VARIABLE = YES;
				IPHONEOS_DEPLOYMENT_TARGET = 15.0;
				LOCALIZATION_PREFERS_STRING_CATALOGS = YES;
				MTL_ENABLE_DEBUG_INFO = NO;
				MTL_FAST_MATH = YES;
				SDKROOT = iphoneos;
				SWIFT_COMPILATION_MODE = wholemodule;
				VALIDATE_PRODUCT = YES;
			};
			name = Release;
		};
		20B1DFB72AE5462B003DBB36 /* Debug */ = {
			isa = XCBuildConfiguration;
			buildSettings = {
				ASSETCATALOG_COMPILER_APPICON_NAME = AppIcon;
				ASSETCATALOG_COMPILER_GLOBAL_ACCENT_COLOR_NAME = AccentColor;
				CODE_SIGN_STYLE = Automatic;
				CURRENT_PROJECT_VERSION = 1;
				DEVELOPMENT_TEAM = V2QNM76HP9;
				GENERATE_INFOPLIST_FILE = YES;
				INFOPLIST_FILE = ExampleDeclarativeUI/Resources/Info.plist;
				INFOPLIST_KEY_UIApplicationSupportsIndirectInputEvents = YES;
				INFOPLIST_KEY_UILaunchStoryboardName = LaunchScreen;
				INFOPLIST_KEY_UISupportedInterfaceOrientations_iPad = "UIInterfaceOrientationPortrait UIInterfaceOrientationPortraitUpsideDown UIInterfaceOrientationLandscapeLeft UIInterfaceOrientationLandscapeRight";
				INFOPLIST_KEY_UISupportedInterfaceOrientations_iPhone = "UIInterfaceOrientationPortrait UIInterfaceOrientationLandscapeLeft UIInterfaceOrientationLandscapeRight";
				LD_RUNPATH_SEARCH_PATHS = (
					"$(inherited)",
					"@executable_path/Frameworks",
				);
				MARKETING_VERSION = 1.0;
				PRODUCT_BUNDLE_IDENTIFIER = com.vladimirBelyaev.ExampleDeclarativeUI;
				PRODUCT_NAME = "$(TARGET_NAME)";
				SWIFT_EMIT_LOC_STRINGS = YES;
				SWIFT_VERSION = 5.0;
				TARGETED_DEVICE_FAMILY = "1,2";
			};
			name = Debug;
		};
		20B1DFB82AE5462B003DBB36 /* Release */ = {
			isa = XCBuildConfiguration;
			buildSettings = {
				ASSETCATALOG_COMPILER_APPICON_NAME = AppIcon;
				ASSETCATALOG_COMPILER_GLOBAL_ACCENT_COLOR_NAME = AccentColor;
				CODE_SIGN_STYLE = Automatic;
				CURRENT_PROJECT_VERSION = 1;
				DEVELOPMENT_TEAM = V2QNM76HP9;
				GENERATE_INFOPLIST_FILE = YES;
				INFOPLIST_FILE = ExampleDeclarativeUI/Resources/Info.plist;
				INFOPLIST_KEY_UIApplicationSupportsIndirectInputEvents = YES;
				INFOPLIST_KEY_UILaunchStoryboardName = LaunchScreen;
				INFOPLIST_KEY_UISupportedInterfaceOrientations_iPad = "UIInterfaceOrientationPortrait UIInterfaceOrientationPortraitUpsideDown UIInterfaceOrientationLandscapeLeft UIInterfaceOrientationLandscapeRight";
				INFOPLIST_KEY_UISupportedInterfaceOrientations_iPhone = "UIInterfaceOrientationPortrait UIInterfaceOrientationLandscapeLeft UIInterfaceOrientationLandscapeRight";
				LD_RUNPATH_SEARCH_PATHS = (
					"$(inherited)",
					"@executable_path/Frameworks",
				);
				MARKETING_VERSION = 1.0;
				PRODUCT_BUNDLE_IDENTIFIER = com.vladimirBelyaev.ExampleDeclarativeUI;
				PRODUCT_NAME = "$(TARGET_NAME)";
				SWIFT_EMIT_LOC_STRINGS = YES;
				SWIFT_VERSION = 5.0;
				TARGETED_DEVICE_FAMILY = "1,2";
			};
			name = Release;
		};
/* End XCBuildConfiguration section */

/* Begin XCConfigurationList section */
		20B1DF9D2AE5462A003DBB36 /* Build configuration list for PBXProject "ExampleDeclarativeUI" */ = {
			isa = XCConfigurationList;
			buildConfigurations = (
				20B1DFB42AE5462B003DBB36 /* Debug */,
				20B1DFB52AE5462B003DBB36 /* Release */,
			);
			defaultConfigurationIsVisible = 0;
			defaultConfigurationName = Release;
		};
		20B1DFB62AE5462B003DBB36 /* Build configuration list for PBXNativeTarget "ExampleDeclarativeUI" */ = {
			isa = XCConfigurationList;
			buildConfigurations = (
				20B1DFB72AE5462B003DBB36 /* Debug */,
				20B1DFB82AE5462B003DBB36 /* Release */,
			);
			defaultConfigurationIsVisible = 0;
			defaultConfigurationName = Release;
		};
/* End XCConfigurationList section */

/* Begin XCSwiftPackageProductDependency section */
		20B1DFC22AE5497F003DBB36 /* DeclarativeUI */ = {
			isa = XCSwiftPackageProductDependency;
			productName = DeclarativeUI;
		};
		20B1DFC52AE54983003DBB36 /* DeclarativeUI */ = {
			isa = XCSwiftPackageProductDependency;
			productName = DeclarativeUI;
		};
/* End XCSwiftPackageProductDependency section */
	};
	rootObject = 20B1DF9A2AE5462A003DBB36 /* Project object */;
}
